
Microsoft Visual Studio Solution File, Format Version 12.00
# Visual Studio 15
VisualStudioVersion = 15.0.27428.2027
MinimumVisualStudioVersion = 10.0.40219.1
Project("{FAE04EC0-301F-11D3-BF4B-00C04F79EFBC}") = "EPertuarWebJob", "ConsoleApp1\EPertuarWebJob.csproj", "{FC920976-C51B-4F50-ABA6-E48624579103}"
EndProject
Global
	GlobalSection(SolutionConfigurationPlatforms) = preSolution
		Debug|Any CPU = Debug|Any CPU
		Release|Any CPU = Release|Any CPU
	EndGlobalSection
	GlobalSection(ProjectConfigurationPlatforms) = postSolution
		{FC920976-C51B-4F50-ABA6-E48624579103}.Debug|Any CPU.ActiveCfg = Debug|Any CPU
		{FC920976-C51B-4F50-ABA6-E48624579103}.Debug|Any CPU.Build.0 = Debug|Any CPU
		{FC920976-C51B-4F50-ABA6-E48624579103}.Release|Any CPU.ActiveCfg = Release|Any CPU
		{FC920976-C51B-4F50-ABA6-E48624579103}.Release|Any CPU.Build.0 = Release|Any CPU
	EndGlobalSection
	GlobalSection(SolutionProperties) = preSolution
		HideSolutionNode = FALSE
	EndGlobalSection
	GlobalSection(ExtensibilityGlobals) = postSolution
		SolutionGuid = {81BE1A8F-D7C0-4FEE-AE70-E593C435EF2C}
	EndGlobalSection
EndGlobal
